{
  "name": "meet-landing-page",
  "version": "1.0.0",
  "lockfileVersion": 2,
  "requires": true,
  "packages": {
    "": {
      "version": "1.0.0",
      "license": "ISC",
      "dependencies": {
        "include-media": "^1.4.10",
        "normalize-scss": "^7.0.1"
      }
    },
    "node_modules/include-media": {
      "version": "1.4.10",
      "resolved": "https://registry.npmjs.org/include-media/-/include-media-1.4.10.tgz",
      "integrity": "sha512-TymQzKF7oWHbItEcEHOCponZ90lRr1I9QbYeD+qCxXy4Z0/pSpS4Ocz2bq3FMOERlXXrY9Sawsh9GjiObVQA6A=="
    },
    "node_modules/normalize-scss": {
      "version": "7.0.1",
      "resolved": "https://registry.npmjs.org/normalize-scss/-/normalize-scss-7.0.1.tgz",
      "integrity": "sha512-qj16bWnYs+9/ac29IgGjySg4R5qQTp1lXfm7ApFOZNVBYFY8RZ3f8+XQNDDLHeDtI3Ba7Jj4+LuPgz9v/fne2A=="
    }
  },
  "dependencies": {
    "include-media": {
      "version": "1.4.10",
      "resolved": "https://registry.npmjs.org/include-media/-/include-media-1.4.10.tgz",
      "integrity": "sha512-TymQzKF7oWHbItEcEHOCponZ90lRr1I9QbYeD+qCxXy4Z0/pSpS4Ocz2bq3FMOERlXXrY9Sawsh9GjiObVQA6A=="
    },
    "normalize-scss": {
      "version": "7.0.1",
      "resolved": "https://registry.npmjs.org/normalize-scss/-/normalize-scss-7.0.1.tgz",
      "integrity": "sha512-qj16bWnYs+9/ac29IgGjySg4R5qQTp1lXfm7ApFOZNVBYFY8RZ3f8+XQNDDLHeDtI3Ba7Jj4+LuPgz9v/fne2A=="
    }
  }
}
